
Microsoft Visual Studio Solution File, Format Version 12.00
# Visual Studio Version 16
VisualStudioVersion = 16.0.29306.81
MinimumVisualStudioVersion = 10.0.40219.1
Project("{FAE04EC0-301F-11D3-BF4B-00C04F79EFBC}") = "Jokes.Android", "Jokes\Jokes.Android\Jokes.Android.csproj", "{7FD58045-50E6-4DD6-949B-79B4C8E7221F}"
EndProject
Project("{FAE04EC0-301F-11D3-BF4B-00C04F79EFBC}") = "Jokes.iOS", "Jokes\Jokes.iOS\Jokes.iOS.csproj", "{C2CE6EB6-3590-4D1F-9C63-3438BD5E7351}"
EndProject
Project("{FAE04EC0-301F-11D3-BF4B-00C04F79EFBC}") = "Jokes", "Jokes\Jokes\Jokes.csproj", "{60CFF6AE-339A-41F3-905C-96BEE49AEE33}"
EndProject
Global
	GlobalSection(SolutionConfigurationPlatforms) = preSolution
		Debug|Any CPU = Debug|Any CPU
		Debug|iPhone = Debug|iPhone
		Debug|iPhoneSimulator = Debug|iPhoneSimulator
		Release|Any CPU = Release|Any CPU
		Release|iPhone = Release|iPhone
		Release|iPhoneSimulator = Release|iPhoneSimulator
	EndGlobalSection
	GlobalSection(ProjectConfigurationPlatforms) = postSolution
		{7FD58045-50E6-4DD6-949B-79B4C8E7221F}.Debug|Any CPU.ActiveCfg = Debug|Any CPU
		{7FD58045-50E6-4DD6-949B-79B4C8E7221F}.Debug|Any CPU.Build.0 = Debug|Any CPU
		{7FD58045-50E6-4DD6-949B-79B4C8E7221F}.Debug|Any CPU.Deploy.0 = Debug|Any CPU
		{7FD58045-50E6-4DD6-949B-79B4C8E7221F}.Debug|iPhone.ActiveCfg = Debug|Any CPU
		{7FD58045-50E6-4DD6-949B-79B4C8E7221F}.Debug|iPhone.Build.0 = Debug|Any CPU
		{7FD58045-50E6-4DD6-949B-79B4C8E7221F}.Debug|iPhone.Deploy.0 = Debug|Any CPU
		{7FD58045-50E6-4DD6-949B-79B4C8E7221F}.Debug|iPhoneSimulator.ActiveCfg = Debug|Any CPU
		{7FD58045-50E6-4DD6-949B-79B4C8E7221F}.Debug|iPhoneSimulator.Build.0 = Debug|Any CPU
		{7FD58045-50E6-4DD6-949B-79B4C8E7221F}.Debug|iPhoneSimulator.Deploy.0 = Debug|Any CPU
		{7FD58045-50E6-4DD6-949B-79B4C8E7221F}.Release|Any CPU.ActiveCfg = Release|Any CPU
		{7FD58045-50E6-4DD6-949B-79B4C8E7221F}.Release|Any CPU.Build.0 = Release|Any CPU
		{7FD58045-50E6-4DD6-949B-79B4C8E7221F}.Release|Any CPU.Deploy.0 = Release|Any CPU
		{7FD58045-50E6-4DD6-949B-79B4C8E7221F}.Release|iPhone.ActiveCfg = Release|Any CPU
		{7FD58045-50E6-4DD6-949B-79B4C8E7221F}.Release|iPhone.Build.0 = Release|Any CPU
		{7FD58045-50E6-4DD6-949B-79B4C8E7221F}.Release|iPhone.Deploy.0 = Release|Any CPU
		{7FD58045-50E6-4DD6-949B-79B4C8E7221F}.Release|iPhoneSimulator.ActiveCfg = Release|Any CPU
		{7FD58045-50E6-4DD6-949B-79B4C8E7221F}.Release|iPhoneSimulator.Build.0 = Release|Any CPU
		{7FD58045-50E6-4DD6-949B-79B4C8E7221F}.Release|iPhoneSimulator.Deploy.0 = Release|Any CPU
		{C2CE6EB6-3590-4D1F-9C63-3438BD5E7351}.Debug|Any CPU.ActiveCfg = Debug|iPhoneSimulator
		{C2CE6EB6-3590-4D1F-9C63-3438BD5E7351}.Debug|Any CPU.Build.0 = Debug|iPhoneSimulator
		{C2CE6EB6-3590-4D1F-9C63-3438BD5E7351}.Debug|Any CPU.Deploy.0 = Debug|iPhoneSimulator
		{C2CE6EB6-3590-4D1F-9C63-3438BD5E7351}.Debug|iPhone.ActiveCfg = Debug|iPhone
		{C2CE6EB6-3590-4D1F-9C63-3438BD5E7351}.Debug|iPhone.Build.0 = Debug|iPhone
		{C2CE6EB6-3590-4D1F-9C63-3438BD5E7351}.Debug|iPhone.Deploy.0 = Debug|iPhone
		{C2CE6EB6-3590-4D1F-9C63-3438BD5E7351}.Debug|iPhoneSimulator.ActiveCfg = Debug|iPhoneSimulator
		{C2CE6EB6-3590-4D1F-9C63-3438BD5E7351}.Debug|iPhoneSimulator.Build.0 = Debug|iPhoneSimulator
		{C2CE6EB6-3590-4D1F-9C63-3438BD5E7351}.Debug|iPhoneSimulator.Deploy.0 = Debug|iPhoneSimulator
		{C2CE6EB6-3590-4D1F-9C63-3438BD5E7351}.Release|Any CPU.ActiveCfg = Release|iPhone
		{C2CE6EB6-3590-4D1F-9C63-3438BD5E7351}.Release|Any CPU.Build.0 = Release|iPhone
		{C2CE6EB6-3590-4D1F-9C63-3438BD5E7351}.Release|Any CPU.Deploy.0 = Release|iPhone
		{C2CE6EB6-3590-4D1F-9C63-3438BD5E7351}.Release|iPhone.ActiveCfg = Release|iPhone
		{C2CE6EB6-3590-4D1F-9C63-3438BD5E7351}.Release|iPhone.Build.0 = Release|iPhone
		{C2CE6EB6-3590-4D1F-9C63-3438BD5E7351}.Release|iPhone.Deploy.0 = Release|iPhone
		{C2CE6EB6-3590-4D1F-9C63-3438BD5E7351}.Release|iPhoneSimulator.ActiveCfg = Release|iPhoneSimulator
		{C2CE6EB6-3590-4D1F-9C63-3438BD5E7351}.Release|iPhoneSimulator.Build.0 = Release|iPhoneSimulator
		{C2CE6EB6-3590-4D1F-9C63-3438BD5E7351}.Release|iPhoneSimulator.Deploy.0 = Release|iPhoneSimulator
		{60CFF6AE-339A-41F3-905C-96BEE49AEE33}.Debug|Any CPU.ActiveCfg = Debug|Any CPU
		{60CFF6AE-339A-41F3-905C-96BEE49AEE33}.Debug|Any CPU.Build.0 = Debug|Any CPU
		{60CFF6AE-339A-41F3-905C-96BEE49AEE33}.Debug|Any CPU.Deploy.0 = Debug|Any CPU
		{60CFF6AE-339A-41F3-905C-96BEE49AEE33}.Debug|iPhone.ActiveCfg = Debug|Any CPU
		{60CFF6AE-339A-41F3-905C-96BEE49AEE33}.Debug|iPhone.Build.0 = Debug|Any CPU
		{60CFF6AE-339A-41F3-905C-96BEE49AEE33}.Debug|iPhone.Deploy.0 = Debug|Any CPU
		{60CFF6AE-339A-41F3-905C-96BEE49AEE33}.Debug|iPhoneSimulator.ActiveCfg = Debug|Any CPU
		{60CFF6AE-339A-41F3-905C-96BEE49AEE33}.Debug|iPhoneSimulator.Build.0 = Debug|Any CPU
		{60CFF6AE-339A-41F3-905C-96BEE49AEE33}.Debug|iPhoneSimulator.Deploy.0 = Debug|Any CPU
		{60CFF6AE-339A-41F3-905C-96BEE49AEE33}.Release|Any CPU.ActiveCfg = Release|Any CPU
		{60CFF6AE-339A-41F3-905C-96BEE49AEE33}.Release|Any CPU.Build.0 = Release|Any CPU
		{60CFF6AE-339A-41F3-905C-96BEE49AEE33}.Release|Any CPU.Deploy.0 = Release|Any CPU
		{60CFF6AE-339A-41F3-905C-96BEE49AEE33}.Release|iPhone.ActiveCfg = Release|Any CPU
		{60CFF6AE-339A-41F3-905C-96BEE49AEE33}.Release|iPhone.Build.0 = Release|Any CPU
		{60CFF6AE-339A-41F3-905C-96BEE49AEE33}.Release|iPhone.Deploy.0 = Release|Any CPU
		{60CFF6AE-339A-41F3-905C-96BEE49AEE33}.Release|iPhoneSimulator.ActiveCfg = Release|Any CPU
		{60CFF6AE-339A-41F3-905C-96BEE49AEE33}.Release|iPhoneSimulator.Build.0 = Release|Any CPU
		{60CFF6AE-339A-41F3-905C-96BEE49AEE33}.Release|iPhoneSimulator.Deploy.0 = Release|Any CPU
	EndGlobalSection
	GlobalSection(SolutionProperties) = preSolution
		HideSolutionNode = FALSE
	EndGlobalSection
	GlobalSection(ExtensibilityGlobals) = postSolution
		SolutionGuid = {F20313F9-F0DE-4EBA-9C54-9226EB1F7996}
	EndGlobalSection
EndGlobal
